// !$*UTF8*$!
{
	archiveVersion = 1;
	classes = {
	};
	objectVersion = 77;
	objects = {

/* Begin PBXBuildFile section */
		9CD0A7932E52325000C664D3 /* ClaraDataModel.xcdatamodeld in Sources */ = {isa = PBXBuildFile; fileRef = 9CBED09D2E4B3C6C00365BFF /* ClaraDataModel.xcdatamodeld */; };
/* End PBXBuildFile section */

/* Begin PBXContainerItemProxy section */
		9C3E89172E55220800964370 /* PBXContainerItemProxy */ = {
			isa = PBXContainerItemProxy;
			containerPortal = 9CA28D4E2D88B306001245CF /* Project object */;
			proxyType = 1;
			remoteGlobalIDString = 9CA28D552D88B306001245CF;
			remoteInfo = ClaraBrainBuddy;
		};
		9CA28D712D88B307001245CF /* PBXContainerItemProxy */ = {
			isa = PBXContainerItemProxy;
			containerPortal = 9CA28D4E2D88B306001245CF /* Project object */;
			proxyType = 1;
			remoteGlobalIDString = 9CA28D552D88B306001245CF;
			remoteInfo = BrainBuddy;
		};
/* End PBXContainerItemProxy section */

/* Begin PBXCopyFilesBuildPhase section */
		9C66180F2DA32A0100D74410 /* Embed Foundation Extensions */ = {
			isa = PBXCopyFilesBuildPhase;
			buildActionMask = 2147483647;
			dstPath = "";
			dstSubfolderSpec = 13;
			files = (
			);
			name = "Embed Foundation Extensions";
			runOnlyForDeploymentPostprocessing = 0;
		};
/* End PBXCopyFilesBuildPhase section */

/* Begin PBXFileReference section */
		9C6617FC2DA32A0000D74410 /* WidgetKit.framework */ = {isa = PBXFileReference; lastKnownFileType = wrapper.framework; name = WidgetKit.framework; path = System/Library/Frameworks/WidgetKit.framework; sourceTree = SDKROOT; };
		9C6617FE2DA32A0000D74410 /* SwiftUI.framework */ = {isa = PBXFileReference; lastKnownFileType = wrapper.framework; name = SwiftUI.framework; path = System/Library/Frameworks/SwiftUI.framework; sourceTree = SDKROOT; };
		9C999B212D8A088B00ED77C4 /* ClaraBrainBuddy.app */ = {isa = PBXFileReference; explicitFileType = wrapper.application; includeInIndex = 0; path = ClaraBrainBuddy.app; sourceTree = BUILT_PRODUCTS_DIR; };
		9C999B222D8A088B00ED77C4 /* ClaraBrainBuddyTests.xctest */ = {isa = PBXFileReference; explicitFileType = wrapper.cfbundle; includeInIndex = 0; path = ClaraBrainBuddyTests.xctest; sourceTree = BUILT_PRODUCTS_DIR; };
		9C999B232D8A088B00ED77C4 /* ClaraBrainBuddyUITests.xctest */ = {isa = PBXFileReference; explicitFileType = wrapper.cfbundle; includeInIndex = 0; path = ClaraBrainBuddyUITests.xctest; sourceTree = BUILT_PRODUCTS_DIR; };
		9CBED09E2E4B3C6C00365BFF /* ClaraDataModel.xcdatamodel */ = {isa = PBXFileReference; lastKnownFileType = wrapper.xcdatamodel; path = ClaraDataModel.xcdatamodel; sourceTree = "<group>"; };
		9CE8820E2E3E88B40039B0CB /* ClaraBrainBuddyDE.xctestplan */ = {isa = PBXFileReference; lastKnownFileType = text; path = ClaraBrainBuddyDE.xctestplan; sourceTree = "<group>"; };
/* End PBXFileReference section */

/* Begin PBXFileSystemSynchronizedBuildFileExceptionSet section */
		9C436E6E2DEBC3E900B26C0A /* Exceptions for "ClaraBrainBuddy" folder in "ClaraBrainBuddy" target */ = {
			isa = PBXFileSystemSynchronizedBuildFileExceptionSet;
			membershipExceptions = (
				Info.plist,
			);
			target = 9CA28D552D88B306001245CF /* ClaraBrainBuddy */;
		};
		9C92D19D2D8CB19C005AADB6 /* Exceptions for "ClaraBrainBuddy" folder in "ClaraBrainBuddyTests" target */ = {
			isa = PBXFileSystemSynchronizedBuildFileExceptionSet;
			membershipExceptions = (
				"/Localized: Localizable.strings",
			);
			target = 9CA28D652D88B307001245CF /* ClaraBrainBuddyTests */;
		};
		9C92D19E2D8CB19C005AADB6 /* Exceptions for "ClaraBrainBuddy" folder in "ClaraBrainBuddyUITests" target */ = {
			isa = PBXFileSystemSynchronizedBuildFileExceptionSet;
			membershipExceptions = (
				"/Localized: Localizable.strings",
			);
			target = 9CA28D6F2D88B307001245CF /* ClaraBrainBuddyUITests */;
		};
/* End PBXFileSystemSynchronizedBuildFileExceptionSet section */

/* Begin PBXFileSystemSynchronizedRootGroup section */
		9C10BCFF2F09CCCE0009974A /* Docs */ = {
			isa = PBXFileSystemSynchronizedRootGroup;
			path = Docs;
			sourceTree = "<group>";
		};
		9CA28D582D88B306001245CF /* ClaraBrainBuddy */ = {
			isa = PBXFileSystemSynchronizedRootGroup;
			exceptions = (
				9C436E6E2DEBC3E900B26C0A /* Exceptions for "ClaraBrainBuddy" folder in "ClaraBrainBuddy" target */,
				9C92D19D2D8CB19C005AADB6 /* Exceptions for "ClaraBrainBuddy" folder in "ClaraBrainBuddyTests" target */,
				9C92D19E2D8CB19C005AADB6 /* Exceptions for "ClaraBrainBuddy" folder in "ClaraBrainBuddyUITests" target */,
			);
			path = ClaraBrainBuddy;
			sourceTree = "<group>";
		};
		9CA28D692D88B307001245CF /* ClaraBrainBuddyTests */ = {
			isa = PBXFileSystemSynchronizedRootGroup;
			path = ClaraBrainBuddyTests;
			sourceTree = "<group>";
		};
		9CA28D732D88B307001245CF /* ClaraBrainBuddyUITests */ = {
			isa = PBXFileSystemSynchronizedRootGroup;
			path = ClaraBrainBuddyUITests;
			sourceTree = "<group>";
		};
/* End PBXFileSystemSynchronizedRootGroup section */

/* Begin PBXFrameworksBuildPhase section */
		9CA28D532D88B306001245CF /* Frameworks */ = {
			isa = PBXFrameworksBuildPhase;
			buildActionMask = 2147483647;
			files = (
			);
			runOnlyForDeploymentPostprocessing = 0;
		};
		9CA28D632D88B307001245CF /* Frameworks */ = {
			isa = PBXFrameworksBuildPhase;
			buildActionMask = 2147483647;
			files = (
			);
			runOnlyForDeploymentPostprocessing = 0;
		};
		9CA28D6D2D88B307001245CF /* Frameworks */ = {
			isa = PBXFrameworksBuildPhase;
			buildActionMask = 2147483647;
			files = (
			);
			runOnlyForDeploymentPostprocessing = 0;
		};
/* End PBXFrameworksBuildPhase section */

/* Begin PBXGroup section */
		9C6617FB2DA32A0000D74410 /* Frameworks */ = {
			isa = PBXGroup;
			children = (
				9C6617FC2DA32A0000D74410 /* WidgetKit.framework */,
				9C6617FE2DA32A0000D74410 /* SwiftUI.framework */,
			);
			name = Frameworks;
			sourceTree = "<group>";
		};
		9CA28D4D2D88B306001245CF = {
			isa = PBXGroup;
			children = (
				9C10BCFF2F09CCCE0009974A /* Docs */,
				9CBED09D2E4B3C6C00365BFF /* ClaraDataModel.xcdatamodeld */,
				9CE8820E2E3E88B40039B0CB /* ClaraBrainBuddyDE.xctestplan */,
				9CA28D692D88B307001245CF /* ClaraBrainBuddyTests */,
				9CA28D732D88B307001245CF /* ClaraBrainBuddyUITests */,
				9CA28D582D88B306001245CF /* ClaraBrainBuddy */,
				9C999B212D8A088B00ED77C4 /* ClaraBrainBuddy.app */,
				9C999B222D8A088B00ED77C4 /* ClaraBrainBuddyTests.xctest */,
				9C999B232D8A088B00ED77C4 /* ClaraBrainBuddyUITests.xctest */,
				9C6617FB2DA32A0000D74410 /* Frameworks */,
			);
			sourceTree = "<group>";
		};
/* End PBXGroup section */

/* Begin PBXNativeTarget section */
		9CA28D552D88B306001245CF /* ClaraBrainBuddy */ = {
			isa = PBXNativeTarget;
			buildConfigurationList = 9CA28D7A2D88B307001245CF /* Build configuration list for PBXNativeTarget "ClaraBrainBuddy" */;
			buildPhases = (
				9CA28D522D88B306001245CF /* Sources */,
				9CA28D532D88B306001245CF /* Frameworks */,
				9CA28D542D88B306001245CF /* Resources */,
				9C66180F2DA32A0100D74410 /* Embed Foundation Extensions */,
			);
			buildRules = (
			);
			dependencies = (
			);
			fileSystemSynchronizedGroups = (
				9CA28D582D88B306001245CF /* ClaraBrainBuddy */,
			);
			name = ClaraBrainBuddy;
			packageProductDependencies = (
			);
			productName = BrainBuddy;
			productReference = 9C999B212D8A088B00ED77C4 /* ClaraBrainBuddy.app */;
			productType = "com.apple.product-type.application";
		};
		9CA28D652D88B307001245CF /* ClaraBrainBuddyTests */ = {
			isa = PBXNativeTarget;
			buildConfigurationList = 9CA28D7D2D88B307001245CF /* Build configuration list for PBXNativeTarget "ClaraBrainBuddyTests" */;
			buildPhases = (
				9CA28D622D88B307001245CF /* Sources */,
				9CA28D632D88B307001245CF /* Frameworks */,
				9CA28D642D88B307001245CF /* Resources */,
			);
			buildRules = (
			);
			dependencies = (
				9C3E89182E55220800964370 /* PBXTargetDependency */,
			);
			fileSystemSynchronizedGroups = (
				9CA28D692D88B307001245CF /* ClaraBrainBuddyTests */,
			);
			name = ClaraBrainBuddyTests;
			packageProductDependencies = (
			);
			productName = BrainBuddyTests;
			productReference = 9C999B222D8A088B00ED77C4 /* ClaraBrainBuddyTests.xctest */;
			productType = "com.apple.product-type.bundle.unit-test";
		};
		9CA28D6F2D88B307001245CF /* ClaraBrainBuddyUITests */ = {
			isa = PBXNativeTarget;
			buildConfigurationList = 9CA28D802D88B307001245CF /* Build configuration list for PBXNativeTarget "ClaraBrainBuddyUITests" */;
			buildPhases = (
				9CA28D6C2D88B307001245CF /* Sources */,
				9CA28D6D2D88B307001245CF /* Frameworks */,
				9CA28D6E2D88B307001245CF /* Resources */,
			);
			buildRules = (
			);
			dependencies = (
				9CA28D722D88B307001245CF /* PBXTargetDependency */,
			);
			fileSystemSynchronizedGroups = (
				9CA28D732D88B307001245CF /* ClaraBrainBuddyUITests */,
			);
			name = ClaraBrainBuddyUITests;
			packageProductDependencies = (
			);
			productName = BrainBuddyUITests;
			productReference = 9C999B232D8A088B00ED77C4 /* ClaraBrainBuddyUITests.xctest */;
			productType = "com.apple.product-type.bundle.ui-testing";
		};
/* End PBXNativeTarget section */

/* Begin PBXProject section */
		9CA28D4E2D88B306001245CF /* Project object */ = {
			isa = PBXProject;
			attributes = {
				BuildIndependentTargetsInParallel = 1;
				LastSwiftUpdateCheck = 1620;
				LastUpgradeCheck = 1620;
				TargetAttributes = {
					9CA28D552D88B306001245CF = {
						CreatedOnToolsVersion = 16.2;
					};
					9CA28D652D88B307001245CF = {
						CreatedOnToolsVersion = 16.2;
						TestTargetID = 9CA28D552D88B306001245CF;
					};
					9CA28D6F2D88B307001245CF = {
						CreatedOnToolsVersion = 16.2;
						TestTargetID = 9CA28D552D88B306001245CF;
					};
				};
			};
			buildConfigurationList = 9CA28D512D88B306001245CF /* Build configuration list for PBXProject "ClaraBrainBuddy" */;
			developmentRegion = en;
			hasScannedForEncodings = 0;
			knownRegions = (
				en,
				de,
			);
			mainGroup = 9CA28D4D2D88B306001245CF;
			minimizedProjectReferenceProxies = 1;
			preferredProjectObjectVersion = 77;
			productRefGroup = 9CA28D4D2D88B306001245CF;
			projectDirPath = "";
			projectRoot = "";
			targets = (
				9CA28D552D88B306001245CF /* ClaraBrainBuddy */,
				9CA28D652D88B307001245CF /* ClaraBrainBuddyTests */,
				9CA28D6F2D88B307001245CF /* ClaraBrainBuddyUITests */,
			);
		};
/* End PBXProject section */

/* Begin PBXResourcesBuildPhase section */
		9CA28D542D88B306001245CF /* Resources */ = {
			isa = PBXResourcesBuildPhase;
			buildActionMask = 2147483647;
			files = (
			);
			runOnlyForDeploymentPostprocessing = 0;
		};
		9CA28D642D88B307001245CF /* Resources */ = {
			isa = PBXResourcesBuildPhase;
			buildActionMask = 2147483647;
			files = (
			);
			runOnlyForDeploymentPostprocessing = 0;
		};
		9CA28D6E2D88B307001245CF /* Resources */ = {
			isa = PBXResourcesBuildPhase;
			buildActionMask = 2147483647;
			files = (
			);
			runOnlyForDeploymentPostprocessing = 0;
		};
/* End PBXResourcesBuildPhase section */

/* Begin PBXSourcesBuildPhase section */
		9CA28D522D88B306001245CF /* Sources */ = {
			isa = PBXSourcesBuildPhase;
			buildActionMask = 2147483647;
			files = (
				9CD0A7932E52325000C664D3 /* ClaraDataModel.xcdatamodeld in Sources */,
			);
			runOnlyForDeploymentPostprocessing = 0;
		};
		9CA28D622D88B307001245CF /* Sources */ = {
			isa = PBXSourcesBuildPhase;
			buildActionMask = 2147483647;
			files = (
			);
			runOnlyForDeploymentPostprocessing = 0;
		};
		9CA28D6C2D88B307001245CF /* Sources */ = {
			isa = PBXSourcesBuildPhase;
			buildActionMask = 2147483647;
			files = (
			);
			runOnlyForDeploymentPostprocessing = 0;
		};
/* End PBXSourcesBuildPhase section */

/* Begin PBXTargetDependency section */
		9C3E89182E55220800964370 /* PBXTargetDependency */ = {
			isa = PBXTargetDependency;
			target = 9CA28D552D88B306001245CF /* ClaraBrainBuddy */;
			targetProxy = 9C3E89172E55220800964370 /* PBXContainerItemProxy */;
		};
		9CA28D722D88B307001245CF /* PBXTargetDependency */ = {
			isa = PBXTargetDependency;
			target = 9CA28D552D88B306001245CF /* ClaraBrainBuddy */;
			targetProxy = 9CA28D712D88B307001245CF /* PBXContainerItemProxy */;
		};
/* End PBXTargetDependency section */

/* Begin XCBuildConfiguration section */
		9CA28D782D88B307001245CF /* Debug */ = {
			isa = XCBuildConfiguration;
			buildSettings = {
				ALWAYS_SEARCH_USER_PATHS = NO;
				ASSETCATALOG_COMPILER_GENERATE_SWIFT_ASSET_SYMBOL_EXTENSIONS = YES;
				CLANG_ANALYZER_NONNULL = YES;
				CLANG_ANALYZER_NUMBER_OBJECT_CONVERSION = YES_AGGRESSIVE;
				CLANG_CXX_LANGUAGE_STANDARD = "gnu++20";
				CLANG_ENABLE_MODULES = YES;
				CLANG_ENABLE_OBJC_ARC = YES;
				CLANG_ENABLE_OBJC_WEAK = YES;
				CLANG_WARN_BLOCK_CAPTURE_AUTORELEASING = YES;
				CLANG_WARN_BOOL_CONVERSION = YES;
				CLANG_WARN_COMMA = YES;
				CLANG_WARN_CONSTANT_CONVERSION = YES;
				CLANG_WARN_DEPRECATED_OBJC_IMPLEMENTATIONS = YES;
				CLANG_WARN_DIRECT_OBJC_ISA_USAGE = YES_ERROR;
				CLANG_WARN_DOCUMENTATION_COMMENTS = YES;
				CLANG_WARN_EMPTY_BODY = YES;
				CLANG_WARN_ENUM_CONVERSION = YES;
				CLANG_WARN_INFINITE_RECURSION = YES;
				CLANG_WARN_INT_CONVERSION = YES;
				CLANG_WARN_NON_LITERAL_NULL_CONVERSION = YES;
				CLANG_WARN_OBJC_IMPLICIT_RETAIN_SELF = YES;
				CLANG_WARN_OBJC_LITERAL_CONVERSION = YES;
				CLANG_WARN_OBJC_ROOT_CLASS = YES_ERROR;
				CLANG_WARN_QUOTED_INCLUDE_IN_FRAMEWORK_HEADER = YES;
				CLANG_WARN_RANGE_LOOP_ANALYSIS = YES;
				CLANG_WARN_STRICT_PROTOTYPES = YES;
				CLANG_WARN_SUSPICIOUS_MOVE = YES;
				CLANG_WARN_UNGUARDED_AVAILABILITY = YES_AGGRESSIVE;
				CLANG_WARN_UNREACHABLE_CODE = YES;
				CLANG_WARN__DUPLICATE_METHOD_MATCH = YES;
				COPY_PHASE_STRIP = NO;
				DEBUG_INFORMATION_FORMAT = dwarf;
				ENABLE_STRICT_OBJC_MSGSEND = YES;
				ENABLE_TESTABILITY = YES;
				ENABLE_USER_SCRIPT_SANDBOXING = YES;
				GCC_C_LANGUAGE_STANDARD = gnu17;
				GCC_DYNAMIC_NO_PIC = NO;
				GCC_NO_COMMON_BLOCKS = YES;
				GCC_OPTIMIZATION_LEVEL = 0;
				GCC_PREPROCESSOR_DEFINITIONS = (
					"DEBUG=1",
					"$(inherited)",
				);
				GCC_WARN_64_TO_32_BIT_CONVERSION = YES;
				GCC_WARN_ABOUT_RETURN_TYPE = YES_ERROR;
				GCC_WARN_UNDECLARED_SELECTOR = YES;
				GCC_WARN_UNINITIALIZED_AUTOS = YES_AGGRESSIVE;
				GCC_WARN_UNUSED_FUNCTION = YES;
				GCC_WARN_UNUSED_VARIABLE = YES;
				IPHONEOS_DEPLOYMENT_TARGET = 18.2;
				LOCALIZATION_PREFERS_STRING_CATALOGS = YES;
				MTL_ENABLE_DEBUG_INFO = INCLUDE_SOURCE;
				MTL_FAST_MATH = YES;
				ONLY_ACTIVE_ARCH = YES;
				SDKROOT = iphoneos;
				SWIFT_ACTIVE_COMPILATION_CONDITIONS = "DEBUG $(inherited)";
				SWIFT_OPTIMIZATION_LEVEL = "-Onone";
			};
			name = Debug;
		};
		9CA28D792D88B307001245CF /* Release */ = {
			isa = XCBuildConfiguration;
			buildSettings = {
				ALWAYS_SEARCH_USER_PATHS = NO;
				ASSETCATALOG_COMPILER_GENERATE_SWIFT_ASSET_SYMBOL_EXTENSIONS = YES;
				CLANG_ANALYZER_NONNULL = YES;
				CLANG_ANALYZER_NUMBER_OBJECT_CONVERSION = YES_AGGRESSIVE;
				CLANG_CXX_LANGUAGE_STANDARD = "gnu++20";
				CLANG_ENABLE_MODULES = YES;
				CLANG_ENABLE_OBJC_ARC = YES;
				CLANG_ENABLE_OBJC_WEAK = YES;
				CLANG_WARN_BLOCK_CAPTURE_AUTORELEASING = YES;
				CLANG_WARN_BOOL_CONVERSION = YES;
				CLANG_WARN_COMMA = YES;
				CLANG_WARN_CONSTANT_CONVERSION = YES;
				CLANG_WARN_DEPRECATED_OBJC_IMPLEMENTATIONS = YES;
				CLANG_WARN_DIRECT_OBJC_ISA_USAGE = YES_ERROR;
				CLANG_WARN_DOCUMENTATION_COMMENTS = YES;
				CLANG_WARN_EMPTY_BODY = YES;
				CLANG_WARN_ENUM_CONVERSION = YES;
				CLANG_WARN_INFINITE_RECURSION = YES;
				CLANG_WARN_INT_CONVERSION = YES;
				CLANG_WARN_NON_LITERAL_NULL_CONVERSION = YES;
				CLANG_WARN_OBJC_IMPLICIT_RETAIN_SELF = YES;
				CLANG_WARN_OBJC_LITERAL_CONVERSION = YES;
				CLANG_WARN_OBJC_ROOT_CLASS = YES_ERROR;
				CLANG_WARN_QUOTED_INCLUDE_IN_FRAMEWORK_HEADER = YES;
				CLANG_WARN_RANGE_LOOP_ANALYSIS = YES;
				CLANG_WARN_STRICT_PROTOTYPES = YES;
				CLANG_WARN_SUSPICIOUS_MOVE = YES;
				CLANG_WARN_UNGUARDED_AVAILABILITY = YES_AGGRESSIVE;
				CLANG_WARN_UNREACHABLE_CODE = YES;
				CLANG_WARN__DUPLICATE_METHOD_MATCH = YES;
				COPY_PHASE_STRIP = NO;
				DEBUG_INFORMATION_FORMAT = "dwarf-with-dsym";
				ENABLE_NS_ASSERTIONS = NO;
				ENABLE_STRICT_OBJC_MSGSEND = YES;
				ENABLE_USER_SCRIPT_SANDBOXING = YES;
				GCC_C_LANGUAGE_STANDARD = gnu17;
				GCC_NO_COMMON_BLOCKS = YES;
				GCC_WARN_64_TO_32_BIT_CONVERSION = YES;
				GCC_WARN_ABOUT_RETURN_TYPE = YES_ERROR;
				GCC_WARN_UNDECLARED_SELECTOR = YES;
				GCC_WARN_UNINITIALIZED_AUTOS = YES_AGGRESSIVE;
				GCC_WARN_UNUSED_FUNCTION = YES;
				GCC_WARN_UNUSED_VARIABLE = YES;
				IPHONEOS_DEPLOYMENT_TARGET = 18.2;
				LOCALIZATION_PREFERS_STRING_CATALOGS = YES;
				MTL_ENABLE_DEBUG_INFO = NO;
				MTL_FAST_MATH = YES;
				SDKROOT = iphoneos;
				SWIFT_COMPILATION_MODE = wholemodule;
				VALIDATE_PRODUCT = YES;
			};
			name = Release;
		};
		9CA28D7B2D88B307001245CF /* Debug */ = {
			isa = XCBuildConfiguration;
			buildSettings = {
				ASSETCATALOG_COMPILER_APPICON_NAME = AppIcon;
				ASSETCATALOG_COMPILER_GLOBAL_ACCENT_COLOR_NAME = AccentColor;
				ASSETCATALOG_COMPILER_INCLUDE_ALL_APPICON_ASSETS = YES;
				CODE_SIGN_ENTITLEMENTS = ClaraBrainBuddy/ClaraBrainBuddy.entitlements;
				CODE_SIGN_IDENTITY = "Apple Development";
				CODE_SIGN_STYLE = Automatic;
				CURRENT_PROJECT_VERSION = 1;
				DEVELOPMENT_ASSET_PATHS = "\"ClaraBrainBuddy/Preview Content\"";
				DEVELOPMENT_TEAM = 4H7L7A53NK;
				ENABLE_PREVIEWS = YES;
				GENERATE_INFOPLIST_FILE = YES;
				INFOPLIST_FILE = ClaraBrainBuddy/Info.plist;
				INFOPLIST_KEY_CFBundleDisplayName = "Clara BrainBuddy Prev";
				INFOPLIST_KEY_LSApplicationCategoryType = "public.app-category.utilities";
				INFOPLIST_KEY_LSSupportsOpeningDocumentsInPlace = YES;
				INFOPLIST_KEY_NSSiriUsageDescription = "This app needs access to Siri and Shortcuts to allow you to add and manage tasks using voice commands and the Shortcuts app.";
				INFOPLIST_KEY_UIApplicationSceneManifest_Generation = YES;
				INFOPLIST_KEY_UIApplicationSupportsIndirectInputEvents = YES;
				INFOPLIST_KEY_UILaunchScreen_Generation = YES;
				INFOPLIST_KEY_UISupportedInterfaceOrientations = UIInterfaceOrientationPortrait;
				INFOPLIST_KEY_UISupportsDocumentBrowser = YES;
				LD_RUNPATH_SEARCH_PATHS = (
					"$(inherited)",
					"@executable_path/Frameworks",
				);
				MARKETING_VERSION = 1.0.8;
				PRODUCT_BUNDLE_IDENTIFIER = de.beeapp.brainbuddy;
				PRODUCT_NAME = "$(TARGET_NAME)";
				PROVISIONING_PROFILE_SPECIFIER = "";
				SUPPORTED_PLATFORMS = "iphoneos iphonesimulator";
				SUPPORTS_MACCATALYST = NO;
				SUPPORTS_MAC_DESIGNED_FOR_IPHONE_IPAD = NO;
				SUPPORTS_XR_DESIGNED_FOR_IPHONE_IPAD = NO;
				SWIFT_EMIT_LOC_STRINGS = YES;
				SWIFT_VERSION = 5.0;
				TARGETED_DEVICE_FAMILY = 1;
			};
			name = Debug;
		};
		9CA28D7C2D88B307001245CF /* Release */ = {
			isa = XCBuildConfiguration;
			buildSettings = {
				ASSETCATALOG_COMPILER_APPICON_NAME = AppIcon;
				ASSETCATALOG_COMPILER_GLOBAL_ACCENT_COLOR_NAME = AccentColor;
				ASSETCATALOG_COMPILER_INCLUDE_ALL_APPICON_ASSETS = YES;
				CODE_SIGN_ENTITLEMENTS = ClaraBrainBuddy/ClaraBrainBuddy.entitlements;
				CODE_SIGN_IDENTITY = "Apple Development";
				CODE_SIGN_STYLE = Automatic;
				CURRENT_PROJECT_VERSION = 1;
				DEVELOPMENT_ASSET_PATHS = "\"ClaraBrainBuddy/Preview Content\"";
				DEVELOPMENT_TEAM = 4H7L7A53NK;
				ENABLE_PREVIEWS = YES;
				GENERATE_INFOPLIST_FILE = YES;
				INFOPLIST_FILE = ClaraBrainBuddy/Info.plist;
				INFOPLIST_KEY_CFBundleDisplayName = "Clara BrainBuddy Prev";
				INFOPLIST_KEY_LSApplicationCategoryType = "public.app-category.utilities";
				INFOPLIST_KEY_LSSupportsOpeningDocumentsInPlace = YES;
				INFOPLIST_KEY_NSSiriUsageDescription = "This app needs access to Siri and Shortcuts to allow you to add and manage tasks using voice commands and the Shortcuts app.";
				INFOPLIST_KEY_UIApplicationSceneManifest_Generation = YES;
				INFOPLIST_KEY_UIApplicationSupportsIndirectInputEvents = YES;
				INFOPLIST_KEY_UILaunchScreen_Generation = YES;
				INFOPLIST_KEY_UISupportedInterfaceOrientations = UIInterfaceOrientationPortrait;
				INFOPLIST_KEY_UISupportsDocumentBrowser = YES;
				LD_RUNPATH_SEARCH_PATHS = (
					"$(inherited)",
					"@executable_path/Frameworks",
				);
				MARKETING_VERSION = 1.0.8;
				PRODUCT_BUNDLE_IDENTIFIER = de.beeapp.brainbuddy;
				PRODUCT_NAME = "$(TARGET_NAME)";
				PROVISIONING_PROFILE_SPECIFIER = "";
				SUPPORTED_PLATFORMS = "iphoneos iphonesimulator";
				SUPPORTS_MACCATALYST = NO;
				SUPPORTS_MAC_DESIGNED_FOR_IPHONE_IPAD = NO;
				SUPPORTS_XR_DESIGNED_FOR_IPHONE_IPAD = NO;
				SWIFT_EMIT_LOC_STRINGS = YES;
				SWIFT_VERSION = 5.0;
				TARGETED_DEVICE_FAMILY = 1;
			};
			name = Release;
		};
		9CA28D7E2D88B307001245CF /* Debug */ = {
			isa = XCBuildConfiguration;
			buildSettings = {
				BUNDLE_LOADER = "$(TEST_HOST)";
				CODE_SIGN_STYLE = Automatic;
				CURRENT_PROJECT_VERSION = 1;
				DEVELOPMENT_TEAM = 4H7L7A53NK;
				GENERATE_INFOPLIST_FILE = YES;
				IPHONEOS_DEPLOYMENT_TARGET = 18.2;
				MARKETING_VERSION = 1.0;
				PRODUCT_BUNDLE_IDENTIFIER = beeApp.BrainBuddyTests;
				PRODUCT_NAME = "$(TARGET_NAME)";
				SUPPORTED_PLATFORMS = "iphoneos iphonesimulator";
				SUPPORTS_MACCATALYST = NO;
				SUPPORTS_MAC_DESIGNED_FOR_IPHONE_IPAD = NO;
				SUPPORTS_XR_DESIGNED_FOR_IPHONE_IPAD = NO;
				SWIFT_EMIT_LOC_STRINGS = NO;
				SWIFT_VERSION = 5.0;
				TARGETED_DEVICE_FAMILY = 1;
				TEST_HOST = "$(BUILT_PRODUCTS_DIR)/ClaraBrainBuddy.app/$(BUNDLE_EXECUTABLE_FOLDER_PATH)/ClaraBrainBuddy";
			};
			name = Debug;
		};
		9CA28D7F2D88B307001245CF /* Release */ = {
			isa = XCBuildConfiguration;
			buildSettings = {
				BUNDLE_LOADER = "$(TEST_HOST)";
				CODE_SIGN_STYLE = Automatic;
				CURRENT_PROJECT_VERSION = 1;
				DEVELOPMENT_TEAM = 4H7L7A53NK;
				GENERATE_INFOPLIST_FILE = YES;
				IPHONEOS_DEPLOYMENT_TARGET = 18.2;
				MARKETING_VERSION = 1.0;
				PRODUCT_BUNDLE_IDENTIFIER = beeApp.BrainBuddyTests;
				PRODUCT_NAME = "$(TARGET_NAME)";
				SUPPORTED_PLATFORMS = "iphoneos iphonesimulator";
				SUPPORTS_MACCATALYST = NO;
				SUPPORTS_MAC_DESIGNED_FOR_IPHONE_IPAD = NO;
				SUPPORTS_XR_DESIGNED_FOR_IPHONE_IPAD = NO;
				SWIFT_EMIT_LOC_STRINGS = NO;
				SWIFT_VERSION = 5.0;
				TARGETED_DEVICE_FAMILY = 1;
				TEST_HOST = "$(BUILT_PRODUCTS_DIR)/ClaraBrainBuddy.app/$(BUNDLE_EXECUTABLE_FOLDER_PATH)/ClaraBrainBuddy";
			};
			name = Release;
		};
		9CA28D812D88B307001245CF /* Debug */ = {
			isa = XCBuildConfiguration;
			buildSettings = {
				CODE_SIGN_STYLE = Automatic;
				CURRENT_PROJECT_VERSION = 1;
				DEVELOPMENT_TEAM = 4H7L7A53NK;
				GENERATE_INFOPLIST_FILE = YES;
				IPHONEOS_DEPLOYMENT_TARGET = 18.2;
				MARKETING_VERSION = 1.0;
				PRODUCT_BUNDLE_IDENTIFIER = beeApp.BrainBuddyUITests;
				PRODUCT_NAME = "$(TARGET_NAME)";
				PROVISIONING_PROFILE = "";
				SUPPORTED_PLATFORMS = "iphoneos iphonesimulator";
				SUPPORTS_MACCATALYST = NO;
				SUPPORTS_MAC_DESIGNED_FOR_IPHONE_IPAD = NO;
				SUPPORTS_XR_DESIGNED_FOR_IPHONE_IPAD = NO;
				SWIFT_EMIT_LOC_STRINGS = NO;
				SWIFT_VERSION = 5.0;
				TARGETED_DEVICE_FAMILY = 1;
				TEST_TARGET_NAME = ClaraBrainBuddy;
			};
			name = Debug;
		};
		9CA28D822D88B307001245CF /* Release */ = {
			isa = XCBuildConfiguration;
			buildSettings = {
				CODE_SIGN_STYLE = Automatic;
				CURRENT_PROJECT_VERSION = 1;
				DEVELOPMENT_TEAM = 4H7L7A53NK;
				GENERATE_INFOPLIST_FILE = YES;
				IPHONEOS_DEPLOYMENT_TARGET = 18.2;
				MARKETING_VERSION = 1.0;
				PRODUCT_BUNDLE_IDENTIFIER = beeApp.BrainBuddyUITests;
				PRODUCT_NAME = "$(TARGET_NAME)";
				PROVISIONING_PROFILE = "";
				SUPPORTED_PLATFORMS = "iphoneos iphonesimulator";
				SUPPORTS_MACCATALYST = NO;
				SUPPORTS_MAC_DESIGNED_FOR_IPHONE_IPAD = NO;
				SUPPORTS_XR_DESIGNED_FOR_IPHONE_IPAD = NO;
				SWIFT_EMIT_LOC_STRINGS = NO;
				SWIFT_VERSION = 5.0;
				TARGETED_DEVICE_FAMILY = 1;
				TEST_TARGET_NAME = ClaraBrainBuddy;
			};
			name = Release;
		};
/* End XCBuildConfiguration section */

/* Begin XCConfigurationList section */
		9CA28D512D88B306001245CF /* Build configuration list for PBXProject "ClaraBrainBuddy" */ = {
			isa = XCConfigurationList;
			buildConfigurations = (
				9CA28D782D88B307001245CF /* Debug */,
				9CA28D792D88B307001245CF /* Release */,
			);
			defaultConfigurationIsVisible = 0;
			defaultConfigurationName = Release;
		};
		9CA28D7A2D88B307001245CF /* Build configuration list for PBXNativeTarget "ClaraBrainBuddy" */ = {
			isa = XCConfigurationList;
			buildConfigurations = (
				9CA28D7B2D88B307001245CF /* Debug */,
				9CA28D7C2D88B307001245CF /* Release */,
			);
			defaultConfigurationIsVisible = 0;
			defaultConfigurationName = Release;
		};
		9CA28D7D2D88B307001245CF /* Build configuration list for PBXNativeTarget "ClaraBrainBuddyTests" */ = {
			isa = XCConfigurationList;
			buildConfigurations = (
				9CA28D7E2D88B307001245CF /* Debug */,
				9CA28D7F2D88B307001245CF /* Release */,
			);
			defaultConfigurationIsVisible = 0;
			defaultConfigurationName = Release;
		};
		9CA28D802D88B307001245CF /* Build configuration list for PBXNativeTarget "ClaraBrainBuddyUITests" */ = {
			isa = XCConfigurationList;
			buildConfigurations = (
				9CA28D812D88B307001245CF /* Debug */,
				9CA28D822D88B307001245CF /* Release */,
			);
			defaultConfigurationIsVisible = 0;
			defaultConfigurationName = Release;
		};
/* End XCConfigurationList section */

/* Begin XCVersionGroup section */
		9CBED09D2E4B3C6C00365BFF /* ClaraDataModel.xcdatamodeld */ = {
			isa = XCVersionGroup;
			children = (
				9CBED09E2E4B3C6C00365BFF /* ClaraDataModel.xcdatamodel */,
			);
			currentVersion = 9CBED09E2E4B3C6C00365BFF /* ClaraDataModel.xcdatamodel */;
			path = ClaraDataModel.xcdatamodeld;
			sourceTree = "<group>";
			versionGroupType = wrapper.xcdatamodel;
			wrapsLines = 1;
		};
/* End XCVersionGroup section */
	};
	rootObject = 9CA28D4E2D88B306001245CF /* Project object */;
}
